
Microsoft Visual Studio Solution File, Format Version 12.00
# Visual Studio Version 16
VisualStudioVersion = 16.0.30413.136
MinimumVisualStudioVersion = 10.0.40219.1
Project("{9A19103F-16F7-4668-BE54-9A1E7A4F7556}") = "nalydmod", "nalydmod.csproj", "{DBD19652-A0DD-4BE2-B594-584D502E0B22}"
EndProject
Global
	GlobalSection(SolutionConfigurationPlatforms) = preSolution
		Debug|Any CPU = Debug|Any CPU
		Release|Any CPU = Release|Any CPU
	EndGlobalSection
	GlobalSection(ProjectConfigurationPlatforms) = postSolution
		{DBD19652-A0DD-4BE2-B594-584D502E0B22}.Debug|Any CPU.ActiveCfg = Debug|Any CPU
		{DBD19652-A0DD-4BE2-B594-584D502E0B22}.Debug|Any CPU.Build.0 = Debug|Any CPU
		{DBD19652-A0DD-4BE2-B594-584D502E0B22}.Release|Any CPU.ActiveCfg = Release|Any CPU
		{DBD19652-A0DD-4BE2-B594-584D502E0B22}.Release|Any CPU.Build.0 = Release|Any CPU
	EndGlobalSection
	GlobalSection(SolutionProperties) = preSolution
		HideSolutionNode = FALSE
	EndGlobalSection
	GlobalSection(ExtensibilityGlobals) = postSolution
		SolutionGuid = {E5B11623-4F83-4B2D-9246-51E0E7E8DF77}
	EndGlobalSection
EndGlobal
